
Microsoft Visual Studio Solution File, Format Version 12.00
# Visual Studio Version 17
VisualStudioVersion = 17.4.33122.133
MinimumVisualStudioVersion = 10.0.40219.1
Project("{9A19103F-16F7-4668-BE54-9A1E7A4F7556}") = "Cinema(If)", "Cinema\Cinema(If).csproj", "{28FB0B9A-27FC-44C3-B362-F24A2439A53F}"
EndProject
Project("{9A19103F-16F7-4668-BE54-9A1E7A4F7556}") = "Cinema(Switch)", "Cinema-S\Cinema(Switch).csproj", "{C324C0D8-44AA-409C-AE26-38B4566E8C29}"
EndProject
Project("{9A19103F-16F7-4668-BE54-9A1E7A4F7556}") = "SummerOutfit(If)", "SummerOu\SummerOutfit(If).csproj", "{5C106D6A-062D-42B2-9BE9-8DAFA24F1CEC}"
EndProject
Project("{9A19103F-16F7-4668-BE54-9A1E7A4F7556}") = "SummerOutfit(Switch)", "Summer\SummerOutfit(Switch).csproj", "{C22CB4CC-3B54-4DE1-92C9-0DCBDB9722E2}"
EndProject
Project("{9A19103F-16F7-4668-BE54-9A1E7A4F7556}") = "NewHouse(If)", "NewHouse\NewHouse(If).csproj", "{4479C5CA-E455-4037-B4D7-03C7850C9040}"
EndProject
Project("{9A19103F-16F7-4668-BE54-9A1E7A4F7556}") = "NewHouse(Switch)", "NewHous\NewHouse(Switch).csproj", "{CAD81141-16FA-434F-BA5B-58AECA7EDBC8}"
EndProject
Project("{9A19103F-16F7-4668-BE54-9A1E7A4F7556}") = "FishingBoat", "FishingBoat\FishingBoat.csproj", "{67729A10-63C8-4011-939D-CE254697C227}"
EndProject
Project("{9A19103F-16F7-4668-BE54-9A1E7A4F7556}") = "Journey", "Journey\Journey.csproj", "{8AFA1C7A-6F2C-4DAC-A0E9-15AF4AED1A7E}"
EndProject
Project("{FAE04EC0-301F-11D3-BF4B-00C04F79EFBC}") = "06", "06\06.csproj", "{032CFCA1-50DD-45DF-904C-0E2A180D339B}"
EndProject
Project("{FAE04EC0-301F-11D3-BF4B-00C04F79EFBC}") = "07", "07\07.csproj", "{D264EC48-6A66-4AC8-9E8C-5C6C5AA000F6}"
EndProject
Global
	GlobalSection(SolutionConfigurationPlatforms) = preSolution
		Debug|Any CPU = Debug|Any CPU
		Release|Any CPU = Release|Any CPU
	EndGlobalSection
	GlobalSection(ProjectConfigurationPlatforms) = postSolution
		{28FB0B9A-27FC-44C3-B362-F24A2439A53F}.Debug|Any CPU.ActiveCfg = Debug|Any CPU
		{28FB0B9A-27FC-44C3-B362-F24A2439A53F}.Debug|Any CPU.Build.0 = Debug|Any CPU
		{28FB0B9A-27FC-44C3-B362-F24A2439A53F}.Release|Any CPU.ActiveCfg = Release|Any CPU
		{28FB0B9A-27FC-44C3-B362-F24A2439A53F}.Release|Any CPU.Build.0 = Release|Any CPU
		{C324C0D8-44AA-409C-AE26-38B4566E8C29}.Debug|Any CPU.ActiveCfg = Debug|Any CPU
		{C324C0D8-44AA-409C-AE26-38B4566E8C29}.Debug|Any CPU.Build.0 = Debug|Any CPU
		{C324C0D8-44AA-409C-AE26-38B4566E8C29}.Release|Any CPU.ActiveCfg = Release|Any CPU
		{C324C0D8-44AA-409C-AE26-38B4566E8C29}.Release|Any CPU.Build.0 = Release|Any CPU
		{5C106D6A-062D-42B2-9BE9-8DAFA24F1CEC}.Debug|Any CPU.ActiveCfg = Debug|Any CPU
		{5C106D6A-062D-42B2-9BE9-8DAFA24F1CEC}.Debug|Any CPU.Build.0 = Debug|Any CPU
		{5C106D6A-062D-42B2-9BE9-8DAFA24F1CEC}.Release|Any CPU.ActiveCfg = Release|Any CPU
		{5C106D6A-062D-42B2-9BE9-8DAFA24F1CEC}.Release|Any CPU.Build.0 = Release|Any CPU
		{C22CB4CC-3B54-4DE1-92C9-0DCBDB9722E2}.Debug|Any CPU.ActiveCfg = Debug|Any CPU
		{C22CB4CC-3B54-4DE1-92C9-0DCBDB9722E2}.Debug|Any CPU.Build.0 = Debug|Any CPU
		{C22CB4CC-3B54-4DE1-92C9-0DCBDB9722E2}.Release|Any CPU.ActiveCfg = Release|Any CPU
		{C22CB4CC-3B54-4DE1-92C9-0DCBDB9722E2}.Release|Any CPU.Build.0 = Release|Any CPU
		{4479C5CA-E455-4037-B4D7-03C7850C9040}.Debug|Any CPU.ActiveCfg = Debug|Any CPU
		{4479C5CA-E455-4037-B4D7-03C7850C9040}.Debug|Any CPU.Build.0 = Debug|Any CPU
		{4479C5CA-E455-4037-B4D7-03C7850C9040}.Release|Any CPU.ActiveCfg = Release|Any CPU
		{4479C5CA-E455-4037-B4D7-03C7850C9040}.Release|Any CPU.Build.0 = Release|Any CPU
		{CAD81141-16FA-434F-BA5B-58AECA7EDBC8}.Debug|Any CPU.ActiveCfg = Debug|Any CPU
		{CAD81141-16FA-434F-BA5B-58AECA7EDBC8}.Debug|Any CPU.Build.0 = Debug|Any CPU
		{CAD81141-16FA-434F-BA5B-58AECA7EDBC8}.Release|Any CPU.ActiveCfg = Release|Any CPU
		{CAD81141-16FA-434F-BA5B-58AECA7EDBC8}.Release|Any CPU.Build.0 = Release|Any CPU
		{67729A10-63C8-4011-939D-CE254697C227}.Debug|Any CPU.ActiveCfg = Debug|Any CPU
		{67729A10-63C8-4011-939D-CE254697C227}.Debug|Any CPU.Build.0 = Debug|Any CPU
		{67729A10-63C8-4011-939D-CE254697C227}.Release|Any CPU.ActiveCfg = Release|Any CPU
		{67729A10-63C8-4011-939D-CE254697C227}.Release|Any CPU.Build.0 = Release|Any CPU
		{8AFA1C7A-6F2C-4DAC-A0E9-15AF4AED1A7E}.Debug|Any CPU.ActiveCfg = Debug|Any CPU
		{8AFA1C7A-6F2C-4DAC-A0E9-15AF4AED1A7E}.Debug|Any CPU.Build.0 = Debug|Any CPU
		{8AFA1C7A-6F2C-4DAC-A0E9-15AF4AED1A7E}.Release|Any CPU.ActiveCfg = Release|Any CPU
		{8AFA1C7A-6F2C-4DAC-A0E9-15AF4AED1A7E}.Release|Any CPU.Build.0 = Release|Any CPU
		{032CFCA1-50DD-45DF-904C-0E2A180D339B}.Debug|Any CPU.ActiveCfg = Debug|Any CPU
		{032CFCA1-50DD-45DF-904C-0E2A180D339B}.Debug|Any CPU.Build.0 = Debug|Any CPU
		{032CFCA1-50DD-45DF-904C-0E2A180D339B}.Release|Any CPU.ActiveCfg = Release|Any CPU
		{032CFCA1-50DD-45DF-904C-0E2A180D339B}.Release|Any CPU.Build.0 = Release|Any CPU
		{D264EC48-6A66-4AC8-9E8C-5C6C5AA000F6}.Debug|Any CPU.ActiveCfg = Debug|Any CPU
		{D264EC48-6A66-4AC8-9E8C-5C6C5AA000F6}.Debug|Any CPU.Build.0 = Debug|Any CPU
		{D264EC48-6A66-4AC8-9E8C-5C6C5AA000F6}.Release|Any CPU.ActiveCfg = Release|Any CPU
		{D264EC48-6A66-4AC8-9E8C-5C6C5AA000F6}.Release|Any CPU.Build.0 = Release|Any CPU
	EndGlobalSection
	GlobalSection(SolutionProperties) = preSolution
		HideSolutionNode = FALSE
	EndGlobalSection
	GlobalSection(ExtensibilityGlobals) = postSolution
		SolutionGuid = {8B85FF34-DCF5-4270-82CA-40B26F1ADFF6}
	EndGlobalSection
EndGlobal
