
Microsoft Visual Studio Solution File, Format Version 12.00
# Visual Studio Version 17
VisualStudioVersion = 17.4.33122.133
MinimumVisualStudioVersion = 10.0.40219.1
Project("{9A19103F-16F7-4668-BE54-9A1E7A4F7556}") = "DayOfWeek", "DayOfWeek\DayOfWeek.csproj", "{F6286F50-256F-47AB-A34C-443D768A1454}"
EndProject
Project("{FAE04EC0-301F-11D3-BF4B-00C04F79EFBC}") = "DayOfWeek(Switch)", "DayOfWeek(Switch)\DayOfWeek(Switch).csproj", "{9CFA8496-768A-4D64-A312-27944280203C}"
EndProject
Project("{FAE04EC0-301F-11D3-BF4B-00C04F79EFBC}") = "WeekendOrWorkindDay", "WeekendOrWorkindDay\WeekendOrWorkindDay.csproj", "{A56B1AFE-8833-482E-9C77-D6C91D22A1B4}"
EndProject
Project("{FAE04EC0-301F-11D3-BF4B-00C04F79EFBC}") = "WeekendOrWorkingDay(Switch)", "WeekendOrWorking\WeekendOrWorkingDay(Switch).csproj", "{DF4E692F-02D0-4F79-8634-61999F580ED4}"
EndProject
Global
	GlobalSection(SolutionConfigurationPlatforms) = preSolution
		Debug|Any CPU = Debug|Any CPU
		Release|Any CPU = Release|Any CPU
	EndGlobalSection
	GlobalSection(ProjectConfigurationPlatforms) = postSolution
		{F6286F50-256F-47AB-A34C-443D768A1454}.Debug|Any CPU.ActiveCfg = Debug|Any CPU
		{F6286F50-256F-47AB-A34C-443D768A1454}.Debug|Any CPU.Build.0 = Debug|Any CPU
		{F6286F50-256F-47AB-A34C-443D768A1454}.Release|Any CPU.ActiveCfg = Release|Any CPU
		{F6286F50-256F-47AB-A34C-443D768A1454}.Release|Any CPU.Build.0 = Release|Any CPU
		{9CFA8496-768A-4D64-A312-27944280203C}.Debug|Any CPU.ActiveCfg = Debug|Any CPU
		{9CFA8496-768A-4D64-A312-27944280203C}.Debug|Any CPU.Build.0 = Debug|Any CPU
		{9CFA8496-768A-4D64-A312-27944280203C}.Release|Any CPU.ActiveCfg = Release|Any CPU
		{9CFA8496-768A-4D64-A312-27944280203C}.Release|Any CPU.Build.0 = Release|Any CPU
		{A56B1AFE-8833-482E-9C77-D6C91D22A1B4}.Debug|Any CPU.ActiveCfg = Debug|Any CPU
		{A56B1AFE-8833-482E-9C77-D6C91D22A1B4}.Debug|Any CPU.Build.0 = Debug|Any CPU
		{A56B1AFE-8833-482E-9C77-D6C91D22A1B4}.Release|Any CPU.ActiveCfg = Release|Any CPU
		{A56B1AFE-8833-482E-9C77-D6C91D22A1B4}.Release|Any CPU.Build.0 = Release|Any CPU
		{DF4E692F-02D0-4F79-8634-61999F580ED4}.Debug|Any CPU.ActiveCfg = Debug|Any CPU
		{DF4E692F-02D0-4F79-8634-61999F580ED4}.Debug|Any CPU.Build.0 = Debug|Any CPU
		{DF4E692F-02D0-4F79-8634-61999F580ED4}.Release|Any CPU.ActiveCfg = Release|Any CPU
		{DF4E692F-02D0-4F79-8634-61999F580ED4}.Release|Any CPU.Build.0 = Release|Any CPU
	EndGlobalSection
	GlobalSection(SolutionProperties) = preSolution
		HideSolutionNode = FALSE
	EndGlobalSection
	GlobalSection(ExtensibilityGlobals) = postSolution
		SolutionGuid = {509227C8-1CCD-465C-A641-A5E6D7A889E5}
	EndGlobalSection
EndGlobal
