
Microsoft Visual Studio Solution File, Format Version 12.00
# Visual Studio Version 17
VisualStudioVersion = 17.4.33122.133
MinimumVisualStudioVersion = 10.0.40219.1
Project("{9A19103F-16F7-4668-BE54-9A1E7A4F7556}") = "DayOfWeek(If)", "DayOfWeek\DayOfWeek(If).csproj", "{F6286F50-256F-47AB-A34C-443D768A1454}"
EndProject
Project("{FAE04EC0-301F-11D3-BF4B-00C04F79EFBC}") = "DayOfWeek(Switch)", "DayOfWeek(Switch)\DayOfWeek(Switch).csproj", "{9CFA8496-768A-4D64-A312-27944280203C}"
EndProject
Project("{FAE04EC0-301F-11D3-BF4B-00C04F79EFBC}") = "WeekendOrWorkindDay(If)", "WeekendOrWorkindDay\WeekendOrWorkindDay(If).csproj", "{A56B1AFE-8833-482E-9C77-D6C91D22A1B4}"
EndProject
Project("{FAE04EC0-301F-11D3-BF4B-00C04F79EFBC}") = "WeekendOrWorkingDay(Switch)", "WeekendOrWorking\WeekendOrWorkingDay(Switch).csproj", "{DF4E692F-02D0-4F79-8634-61999F580ED4}"
EndProject
Project("{FAE04EC0-301F-11D3-BF4B-00C04F79EFBC}") = "AnimalType(If)", "AnimalType(If)\AnimalType(If).csproj", "{01B31F97-5AA9-46A5-99D8-56409004792D}"
EndProject
Project("{FAE04EC0-301F-11D3-BF4B-00C04F79EFBC}") = "AnimalType(Switch)", "AnimalType(Switch)\AnimalType(Switch).csproj", "{6672FF76-1062-4185-A8E2-C73BF4A33174}"
EndProject
Project("{FAE04EC0-301F-11D3-BF4B-00C04F79EFBC}") = "PersonalTitles", "PersonalTitles(If)\PersonalTitles.csproj", "{0B75CCDB-84E7-4A50-B965-6DF4749D4576}"
EndProject
Project("{FAE04EC0-301F-11D3-BF4B-00C04F79EFBC}") = "SmallShop", "SmallShop\SmallShop.csproj", "{768BECB8-FE73-43C9-896D-A2BFB78AB002}"
EndProject
Project("{FAE04EC0-301F-11D3-BF4B-00C04F79EFBC}") = "NumberInRange", "NumberInRange\NumberInRange.csproj", "{167AA750-B259-4577-9CB1-C5AF11B36AE1}"
EndProject
Project("{FAE04EC0-301F-11D3-BF4B-00C04F79EFBC}") = "WorkingHours", "WorkingHours\WorkingHours.csproj", "{0343216E-3004-4442-866B-2459BEBBB925}"
EndProject
Project("{FAE04EC0-301F-11D3-BF4B-00C04F79EFBC}") = "CinemaTicket (If)", "CinemaTicket\CinemaTicket (If).csproj", "{8306B97B-5A88-471D-8A54-DB449F5949B3}"
EndProject
Project("{FAE04EC0-301F-11D3-BF4B-00C04F79EFBC}") = "CinemaTicket(Switch)", "CinemaTicket-Switch\CinemaTicket(Switch).csproj", "{AD1ED814-A348-44C0-822B-C55698688CF3}"
EndProject
Global
	GlobalSection(SolutionConfigurationPlatforms) = preSolution
		Debug|Any CPU = Debug|Any CPU
		Release|Any CPU = Release|Any CPU
	EndGlobalSection
	GlobalSection(ProjectConfigurationPlatforms) = postSolution
		{F6286F50-256F-47AB-A34C-443D768A1454}.Debug|Any CPU.ActiveCfg = Debug|Any CPU
		{F6286F50-256F-47AB-A34C-443D768A1454}.Debug|Any CPU.Build.0 = Debug|Any CPU
		{F6286F50-256F-47AB-A34C-443D768A1454}.Release|Any CPU.ActiveCfg = Release|Any CPU
		{F6286F50-256F-47AB-A34C-443D768A1454}.Release|Any CPU.Build.0 = Release|Any CPU
		{9CFA8496-768A-4D64-A312-27944280203C}.Debug|Any CPU.ActiveCfg = Debug|Any CPU
		{9CFA8496-768A-4D64-A312-27944280203C}.Debug|Any CPU.Build.0 = Debug|Any CPU
		{9CFA8496-768A-4D64-A312-27944280203C}.Release|Any CPU.ActiveCfg = Release|Any CPU
		{9CFA8496-768A-4D64-A312-27944280203C}.Release|Any CPU.Build.0 = Release|Any CPU
		{A56B1AFE-8833-482E-9C77-D6C91D22A1B4}.Debug|Any CPU.ActiveCfg = Debug|Any CPU
		{A56B1AFE-8833-482E-9C77-D6C91D22A1B4}.Debug|Any CPU.Build.0 = Debug|Any CPU
		{A56B1AFE-8833-482E-9C77-D6C91D22A1B4}.Release|Any CPU.ActiveCfg = Release|Any CPU
		{A56B1AFE-8833-482E-9C77-D6C91D22A1B4}.Release|Any CPU.Build.0 = Release|Any CPU
		{DF4E692F-02D0-4F79-8634-61999F580ED4}.Debug|Any CPU.ActiveCfg = Debug|Any CPU
		{DF4E692F-02D0-4F79-8634-61999F580ED4}.Debug|Any CPU.Build.0 = Debug|Any CPU
		{DF4E692F-02D0-4F79-8634-61999F580ED4}.Release|Any CPU.ActiveCfg = Release|Any CPU
		{DF4E692F-02D0-4F79-8634-61999F580ED4}.Release|Any CPU.Build.0 = Release|Any CPU
		{01B31F97-5AA9-46A5-99D8-56409004792D}.Debug|Any CPU.ActiveCfg = Debug|Any CPU
		{01B31F97-5AA9-46A5-99D8-56409004792D}.Debug|Any CPU.Build.0 = Debug|Any CPU
		{01B31F97-5AA9-46A5-99D8-56409004792D}.Release|Any CPU.ActiveCfg = Release|Any CPU
		{01B31F97-5AA9-46A5-99D8-56409004792D}.Release|Any CPU.Build.0 = Release|Any CPU
		{6672FF76-1062-4185-A8E2-C73BF4A33174}.Debug|Any CPU.ActiveCfg = Debug|Any CPU
		{6672FF76-1062-4185-A8E2-C73BF4A33174}.Debug|Any CPU.Build.0 = Debug|Any CPU
		{6672FF76-1062-4185-A8E2-C73BF4A33174}.Release|Any CPU.ActiveCfg = Release|Any CPU
		{6672FF76-1062-4185-A8E2-C73BF4A33174}.Release|Any CPU.Build.0 = Release|Any CPU
		{0B75CCDB-84E7-4A50-B965-6DF4749D4576}.Debug|Any CPU.ActiveCfg = Debug|Any CPU
		{0B75CCDB-84E7-4A50-B965-6DF4749D4576}.Debug|Any CPU.Build.0 = Debug|Any CPU
		{0B75CCDB-84E7-4A50-B965-6DF4749D4576}.Release|Any CPU.ActiveCfg = Release|Any CPU
		{0B75CCDB-84E7-4A50-B965-6DF4749D4576}.Release|Any CPU.Build.0 = Release|Any CPU
		{768BECB8-FE73-43C9-896D-A2BFB78AB002}.Debug|Any CPU.ActiveCfg = Debug|Any CPU
		{768BECB8-FE73-43C9-896D-A2BFB78AB002}.Debug|Any CPU.Build.0 = Debug|Any CPU
		{768BECB8-FE73-43C9-896D-A2BFB78AB002}.Release|Any CPU.ActiveCfg = Release|Any CPU
		{768BECB8-FE73-43C9-896D-A2BFB78AB002}.Release|Any CPU.Build.0 = Release|Any CPU
		{167AA750-B259-4577-9CB1-C5AF11B36AE1}.Debug|Any CPU.ActiveCfg = Debug|Any CPU
		{167AA750-B259-4577-9CB1-C5AF11B36AE1}.Debug|Any CPU.Build.0 = Debug|Any CPU
		{167AA750-B259-4577-9CB1-C5AF11B36AE1}.Release|Any CPU.ActiveCfg = Release|Any CPU
		{167AA750-B259-4577-9CB1-C5AF11B36AE1}.Release|Any CPU.Build.0 = Release|Any CPU
		{0343216E-3004-4442-866B-2459BEBBB925}.Debug|Any CPU.ActiveCfg = Debug|Any CPU
		{0343216E-3004-4442-866B-2459BEBBB925}.Debug|Any CPU.Build.0 = Debug|Any CPU
		{0343216E-3004-4442-866B-2459BEBBB925}.Release|Any CPU.ActiveCfg = Release|Any CPU
		{0343216E-3004-4442-866B-2459BEBBB925}.Release|Any CPU.Build.0 = Release|Any CPU
		{8306B97B-5A88-471D-8A54-DB449F5949B3}.Debug|Any CPU.ActiveCfg = Debug|Any CPU
		{8306B97B-5A88-471D-8A54-DB449F5949B3}.Debug|Any CPU.Build.0 = Debug|Any CPU
		{8306B97B-5A88-471D-8A54-DB449F5949B3}.Release|Any CPU.ActiveCfg = Release|Any CPU
		{8306B97B-5A88-471D-8A54-DB449F5949B3}.Release|Any CPU.Build.0 = Release|Any CPU
		{AD1ED814-A348-44C0-822B-C55698688CF3}.Debug|Any CPU.ActiveCfg = Debug|Any CPU
		{AD1ED814-A348-44C0-822B-C55698688CF3}.Debug|Any CPU.Build.0 = Debug|Any CPU
		{AD1ED814-A348-44C0-822B-C55698688CF3}.Release|Any CPU.ActiveCfg = Release|Any CPU
		{AD1ED814-A348-44C0-822B-C55698688CF3}.Release|Any CPU.Build.0 = Release|Any CPU
	EndGlobalSection
	GlobalSection(SolutionProperties) = preSolution
		HideSolutionNode = FALSE
	EndGlobalSection
	GlobalSection(ExtensibilityGlobals) = postSolution
		SolutionGuid = {509227C8-1CCD-465C-A641-A5E6D7A889E5}
	EndGlobalSection
EndGlobal
